
Microsoft Visual Studio Solution File, Format Version 12.00
# Visual Studio Version 17
VisualStudioVersion = 17.12.35527.113
MinimumVisualStudioVersion = 10.0.40219.1
Project("{FAE04EC0-301F-11D3-BF4B-00C04F79EFBC}") = "CriticalProcessManager", "CriticalProcessManager\CriticalProcessManager.csproj", "{58B823DA-D061-4695-B4E1-630E5BBF3096}"
EndProject
Global
	GlobalSection(SolutionConfigurationPlatforms) = preSolution
		Debug|Any CPU = Debug|Any CPU
		Release|Any CPU = Release|Any CPU
	EndGlobalSection
	GlobalSection(ProjectConfigurationPlatforms) = postSolution
		{58B823DA-D061-4695-B4E1-630E5BBF3096}.Debug|Any CPU.ActiveCfg = Debug|Any CPU
		{58B823DA-D061-4695-B4E1-630E5BBF3096}.Debug|Any CPU.Build.0 = Debug|Any CPU
		{58B823DA-D061-4695-B4E1-630E5BBF3096}.Release|Any CPU.ActiveCfg = Release|Any CPU
		{58B823DA-D061-4695-B4E1-630E5BBF3096}.Release|Any CPU.Build.0 = Release|Any CPU
	EndGlobalSection
	GlobalSection(SolutionProperties) = preSolution
		HideSolutionNode = FALSE
	EndGlobalSection
	GlobalSection(ExtensibilityGlobals) = postSolution
		SolutionGuid = {55BEB660-23CF-4D51-8D33-D34CE9DD0178}
	EndGlobalSection
EndGlobal
